
Microsoft Visual Studio Solution File, Format Version 12.00
# Visual Studio Version 17
VisualStudioVersion = 17.9.34616.47
MinimumVisualStudioVersion = 10.0.40219.1
Project("{FAE04EC0-301F-11D3-BF4B-00C04F79EFBC}") = "ConsoleApp", "Pair6Task\ConsoleApp.csproj", "{4116864F-E6D3-4058-BE25-FB7AE1BB5826}"
EndProject
Project("{FAE04EC0-301F-11D3-BF4B-00C04F79EFBC}") = "DataAccess", "DataAccess\DataAccess.csproj", "{FB02382D-55B1-4944-96E0-3B84E19ED16E}"
EndProject
Project("{FAE04EC0-301F-11D3-BF4B-00C04F79EFBC}") = "Entities", "Entities\Entities.csproj", "{F7B5A042-A1C3-4E6B-B3F8-0196DEE10196}"
EndProject
Project("{FAE04EC0-301F-11D3-BF4B-00C04F79EFBC}") = "Business", "Business\Business.csproj", "{DA265819-4091-4BCB-95E3-41E53668240C}"
EndProject
Global
	GlobalSection(SolutionConfigurationPlatforms) = preSolution
		Debug|Any CPU = Debug|Any CPU
		Release|Any CPU = Release|Any CPU
	EndGlobalSection
	GlobalSection(ProjectConfigurationPlatforms) = postSolution
		{4116864F-E6D3-4058-BE25-FB7AE1BB5826}.Debug|Any CPU.ActiveCfg = Debug|Any CPU
		{4116864F-E6D3-4058-BE25-FB7AE1BB5826}.Debug|Any CPU.Build.0 = Debug|Any CPU
		{4116864F-E6D3-4058-BE25-FB7AE1BB5826}.Release|Any CPU.ActiveCfg = Release|Any CPU
		{4116864F-E6D3-4058-BE25-FB7AE1BB5826}.Release|Any CPU.Build.0 = Release|Any CPU
		{FB02382D-55B1-4944-96E0-3B84E19ED16E}.Debug|Any CPU.ActiveCfg = Debug|Any CPU
		{FB02382D-55B1-4944-96E0-3B84E19ED16E}.Debug|Any CPU.Build.0 = Debug|Any CPU
		{FB02382D-55B1-4944-96E0-3B84E19ED16E}.Release|Any CPU.ActiveCfg = Release|Any CPU
		{FB02382D-55B1-4944-96E0-3B84E19ED16E}.Release|Any CPU.Build.0 = Release|Any CPU
		{F7B5A042-A1C3-4E6B-B3F8-0196DEE10196}.Debug|Any CPU.ActiveCfg = Debug|Any CPU
		{F7B5A042-A1C3-4E6B-B3F8-0196DEE10196}.Debug|Any CPU.Build.0 = Debug|Any CPU
		{F7B5A042-A1C3-4E6B-B3F8-0196DEE10196}.Release|Any CPU.ActiveCfg = Release|Any CPU
		{F7B5A042-A1C3-4E6B-B3F8-0196DEE10196}.Release|Any CPU.Build.0 = Release|Any CPU
		{DA265819-4091-4BCB-95E3-41E53668240C}.Debug|Any CPU.ActiveCfg = Debug|Any CPU
		{DA265819-4091-4BCB-95E3-41E53668240C}.Debug|Any CPU.Build.0 = Debug|Any CPU
		{DA265819-4091-4BCB-95E3-41E53668240C}.Release|Any CPU.ActiveCfg = Release|Any CPU
		{DA265819-4091-4BCB-95E3-41E53668240C}.Release|Any CPU.Build.0 = Release|Any CPU
	EndGlobalSection
	GlobalSection(SolutionProperties) = preSolution
		HideSolutionNode = FALSE
	EndGlobalSection
	GlobalSection(ExtensibilityGlobals) = postSolution
		SolutionGuid = {FA0B2EE5-1BB5-4269-85F8-1FFD732DD29A}
	EndGlobalSection
EndGlobal
